// !$*UTF8*$!
{
	archiveVersion = 1;
	classes = {
	};
	objectVersion = 56;
	objects = {

/* Begin PBXBuildFile section */
		0205AAFE2AF9A55A003851EE /* CakeApp.swift in Sources */ = {isa = PBXBuildFile; fileRef = 0205AAFD2AF9A55A003851EE /* CakeApp.swift */; };
		0205AB002AF9A55A003851EE /* AllDessertsView.swift in Sources */ = {isa = PBXBuildFile; fileRef = 0205AAFF2AF9A55A003851EE /* AllDessertsView.swift */; };
		0205AB022AF9A55B003851EE /* Assets.xcassets in Resources */ = {isa = PBXBuildFile; fileRef = 0205AB012AF9A55B003851EE /* Assets.xcassets */; };
		0205AB052AF9A55B003851EE /* Preview Assets.xcassets in Resources */ = {isa = PBXBuildFile; fileRef = 0205AB042AF9A55B003851EE /* Preview Assets.xcassets */; };
		0205AB0F2AF9A63D003851EE /* AllDessertsDataService.swift in Sources */ = {isa = PBXBuildFile; fileRef = 0205AB0E2AF9A63D003851EE /* AllDessertsDataService.swift */; };
		0205AB122AF9A677003851EE /* AllDessertsResponse.swift in Sources */ = {isa = PBXBuildFile; fileRef = 0205AB112AF9A677003851EE /* AllDessertsResponse.swift */; };
		0205AB142AF9C2E0003851EE /* AllDessertsViewModel.swift in Sources */ = {isa = PBXBuildFile; fileRef = 0205AB132AF9C2E0003851EE /* AllDessertsViewModel.swift */; };
		0205AB162AF9CB47003851EE /* DessertRowView.swift in Sources */ = {isa = PBXBuildFile; fileRef = 0205AB152AF9CB47003851EE /* DessertRowView.swift */; };
/* End PBXBuildFile section */

/* Begin PBXFileReference section */
		0205AAFA2AF9A55A003851EE /* Cake.app */ = {isa = PBXFileReference; explicitFileType = wrapper.application; includeInIndex = 0; path = Cake.app; sourceTree = BUILT_PRODUCTS_DIR; };
		0205AAFD2AF9A55A003851EE /* CakeApp.swift */ = {isa = PBXFileReference; lastKnownFileType = sourcecode.swift; path = CakeApp.swift; sourceTree = "<group>"; };
		0205AAFF2AF9A55A003851EE /* AllDessertsView.swift */ = {isa = PBXFileReference; lastKnownFileType = sourcecode.swift; path = AllDessertsView.swift; sourceTree = "<group>"; };
		0205AB012AF9A55B003851EE /* Assets.xcassets */ = {isa = PBXFileReference; lastKnownFileType = folder.assetcatalog; path = Assets.xcassets; sourceTree = "<group>"; };
		0205AB042AF9A55B003851EE /* Preview Assets.xcassets */ = {isa = PBXFileReference; lastKnownFileType = folder.assetcatalog; path = "Preview Assets.xcassets"; sourceTree = "<group>"; };
		0205AB0E2AF9A63D003851EE /* AllDessertsDataService.swift */ = {isa = PBXFileReference; lastKnownFileType = sourcecode.swift; path = AllDessertsDataService.swift; sourceTree = "<group>"; };
		0205AB112AF9A677003851EE /* AllDessertsResponse.swift */ = {isa = PBXFileReference; lastKnownFileType = sourcecode.swift; path = AllDessertsResponse.swift; sourceTree = "<group>"; };
		0205AB132AF9C2E0003851EE /* AllDessertsViewModel.swift */ = {isa = PBXFileReference; lastKnownFileType = sourcecode.swift; path = AllDessertsViewModel.swift; sourceTree = "<group>"; };
		0205AB152AF9CB47003851EE /* DessertRowView.swift */ = {isa = PBXFileReference; lastKnownFileType = sourcecode.swift; path = DessertRowView.swift; sourceTree = "<group>"; };
/* End PBXFileReference section */

/* Begin PBXFrameworksBuildPhase section */
		0205AAF72AF9A55A003851EE /* Frameworks */ = {
			isa = PBXFrameworksBuildPhase;
			buildActionMask = 2147483647;
			files = (
			);
			runOnlyForDeploymentPostprocessing = 0;
		};
/* End PBXFrameworksBuildPhase section */

/* Begin PBXGroup section */
		0205AAF12AF9A55A003851EE = {
			isa = PBXGroup;
			children = (
				0205AAFC2AF9A55A003851EE /* Cake */,
				0205AAFB2AF9A55A003851EE /* Products */,
			);
			sourceTree = "<group>";
		};
		0205AAFB2AF9A55A003851EE /* Products */ = {
			isa = PBXGroup;
			children = (
				0205AAFA2AF9A55A003851EE /* Cake.app */,
			);
			name = Products;
			sourceTree = "<group>";
		};
		0205AAFC2AF9A55A003851EE /* Cake */ = {
			isa = PBXGroup;
			children = (
				0205AB102AF9A64A003851EE /* Models */,
				0205AB0D2AF9A618003851EE /* Services */,
				0205AB0C2AF9A5F2003851EE /* DessertDetailView */,
				0205AB0B2AF9A5D4003851EE /* AllDessertsView */,
				0205AAFD2AF9A55A003851EE /* CakeApp.swift */,
				0205AB012AF9A55B003851EE /* Assets.xcassets */,
				0205AB032AF9A55B003851EE /* Preview Content */,
			);
			path = Cake;
			sourceTree = "<group>";
		};
		0205AB032AF9A55B003851EE /* Preview Content */ = {
			isa = PBXGroup;
			children = (
				0205AB042AF9A55B003851EE /* Preview Assets.xcassets */,
			);
			path = "Preview Content";
			sourceTree = "<group>";
		};
		0205AB0B2AF9A5D4003851EE /* AllDessertsView */ = {
			isa = PBXGroup;
			children = (
				0205AAFF2AF9A55A003851EE /* AllDessertsView.swift */,
				0205AB132AF9C2E0003851EE /* AllDessertsViewModel.swift */,
				0205AB152AF9CB47003851EE /* DessertRowView.swift */,
			);
			path = AllDessertsView;
			sourceTree = "<group>";
		};
		0205AB0C2AF9A5F2003851EE /* DessertDetailView */ = {
			isa = PBXGroup;
			children = (
			);
			path = DessertDetailView;
			sourceTree = "<group>";
		};
		0205AB0D2AF9A618003851EE /* Services */ = {
			isa = PBXGroup;
			children = (
				0205AB0E2AF9A63D003851EE /* AllDessertsDataService.swift */,
			);
			path = Services;
			sourceTree = "<group>";
		};
		0205AB102AF9A64A003851EE /* Models */ = {
			isa = PBXGroup;
			children = (
				0205AB112AF9A677003851EE /* AllDessertsResponse.swift */,
			);
			path = Models;
			sourceTree = "<group>";
		};
/* End PBXGroup section */

/* Begin PBXNativeTarget section */
		0205AAF92AF9A55A003851EE /* Cake */ = {
			isa = PBXNativeTarget;
			buildConfigurationList = 0205AB082AF9A55B003851EE /* Build configuration list for PBXNativeTarget "Cake" */;
			buildPhases = (
				0205AAF62AF9A55A003851EE /* Sources */,
				0205AAF72AF9A55A003851EE /* Frameworks */,
				0205AAF82AF9A55A003851EE /* Resources */,
			);
			buildRules = (
			);
			dependencies = (
			);
			name = Cake;
			productName = Cake;
			productReference = 0205AAFA2AF9A55A003851EE /* Cake.app */;
			productType = "com.apple.product-type.application";
		};
/* End PBXNativeTarget section */

/* Begin PBXProject section */
		0205AAF22AF9A55A003851EE /* Project object */ = {
			isa = PBXProject;
			attributes = {
				BuildIndependentTargetsInParallel = 1;
				LastSwiftUpdateCheck = 1500;
				LastUpgradeCheck = 1500;
				TargetAttributes = {
					0205AAF92AF9A55A003851EE = {
						CreatedOnToolsVersion = 15.0.1;
					};
				};
			};
			buildConfigurationList = 0205AAF52AF9A55A003851EE /* Build configuration list for PBXProject "Cake" */;
			compatibilityVersion = "Xcode 14.0";
			developmentRegion = en;
			hasScannedForEncodings = 0;
			knownRegions = (
				en,
				Base,
			);
			mainGroup = 0205AAF12AF9A55A003851EE;
			productRefGroup = 0205AAFB2AF9A55A003851EE /* Products */;
			projectDirPath = "";
			projectRoot = "";
			targets = (
				0205AAF92AF9A55A003851EE /* Cake */,
			);
		};
/* End PBXProject section */

/* Begin PBXResourcesBuildPhase section */
		0205AAF82AF9A55A003851EE /* Resources */ = {
			isa = PBXResourcesBuildPhase;
			buildActionMask = 2147483647;
			files = (
				0205AB052AF9A55B003851EE /* Preview Assets.xcassets in Resources */,
				0205AB022AF9A55B003851EE /* Assets.xcassets in Resources */,
			);
			runOnlyForDeploymentPostprocessing = 0;
		};
/* End PBXResourcesBuildPhase section */

/* Begin PBXSourcesBuildPhase section */
		0205AAF62AF9A55A003851EE /* Sources */ = {
			isa = PBXSourcesBuildPhase;
			buildActionMask = 2147483647;
			files = (
				0205AB0F2AF9A63D003851EE /* AllDessertsDataService.swift in Sources */,
				0205AB122AF9A677003851EE /* AllDessertsResponse.swift in Sources */,
				0205AB162AF9CB47003851EE /* DessertRowView.swift in Sources */,
				0205AB002AF9A55A003851EE /* AllDessertsView.swift in Sources */,
				0205AAFE2AF9A55A003851EE /* CakeApp.swift in Sources */,
				0205AB142AF9C2E0003851EE /* AllDessertsViewModel.swift in Sources */,
			);
			runOnlyForDeploymentPostprocessing = 0;
		};
/* End PBXSourcesBuildPhase section */

/* Begin XCBuildConfiguration section */
		0205AB062AF9A55B003851EE /* Debug */ = {
			isa = XCBuildConfiguration;
			buildSettings = {
				ALWAYS_SEARCH_USER_PATHS = NO;
				ASSETCATALOG_COMPILER_GENERATE_SWIFT_ASSET_SYMBOL_EXTENSIONS = YES;
				CLANG_ANALYZER_NONNULL = YES;
				CLANG_ANALYZER_NUMBER_OBJECT_CONVERSION = YES_AGGRESSIVE;
				CLANG_CXX_LANGUAGE_STANDARD = "gnu++20";
				CLANG_ENABLE_MODULES = YES;
				CLANG_ENABLE_OBJC_ARC = YES;
				CLANG_ENABLE_OBJC_WEAK = YES;
				CLANG_WARN_BLOCK_CAPTURE_AUTORELEASING = YES;
				CLANG_WARN_BOOL_CONVERSION = YES;
				CLANG_WARN_COMMA = YES;
				CLANG_WARN_CONSTANT_CONVERSION = YES;
				CLANG_WARN_DEPRECATED_OBJC_IMPLEMENTATIONS = YES;
				CLANG_WARN_DIRECT_OBJC_ISA_USAGE = YES_ERROR;
				CLANG_WARN_DOCUMENTATION_COMMENTS = YES;
				CLANG_WARN_EMPTY_BODY = YES;
				CLANG_WARN_ENUM_CONVERSION = YES;
				CLANG_WARN_INFINITE_RECURSION = YES;
				CLANG_WARN_INT_CONVERSION = YES;
				CLANG_WARN_NON_LITERAL_NULL_CONVERSION = YES;
				CLANG_WARN_OBJC_IMPLICIT_RETAIN_SELF = YES;
				CLANG_WARN_OBJC_LITERAL_CONVERSION = YES;
				CLANG_WARN_OBJC_ROOT_CLASS = YES_ERROR;
				CLANG_WARN_QUOTED_INCLUDE_IN_FRAMEWORK_HEADER = YES;
				CLANG_WARN_RANGE_LOOP_ANALYSIS = YES;
				CLANG_WARN_STRICT_PROTOTYPES = YES;
				CLANG_WARN_SUSPICIOUS_MOVE = YES;
				CLANG_WARN_UNGUARDED_AVAILABILITY = YES_AGGRESSIVE;
				CLANG_WARN_UNREACHABLE_CODE = YES;
				CLANG_WARN__DUPLICATE_METHOD_MATCH = YES;
				COPY_PHASE_STRIP = NO;
				DEBUG_INFORMATION_FORMAT = dwarf;
				ENABLE_STRICT_OBJC_MSGSEND = YES;
				ENABLE_TESTABILITY = YES;
				ENABLE_USER_SCRIPT_SANDBOXING = YES;
				GCC_C_LANGUAGE_STANDARD = gnu17;
				GCC_DYNAMIC_NO_PIC = NO;
				GCC_NO_COMMON_BLOCKS = YES;
				GCC_OPTIMIZATION_LEVEL = 0;
				GCC_PREPROCESSOR_DEFINITIONS = (
					"DEBUG=1",
					"$(inherited)",
				);
				GCC_WARN_64_TO_32_BIT_CONVERSION = YES;
				GCC_WARN_ABOUT_RETURN_TYPE = YES_ERROR;
				GCC_WARN_UNDECLARED_SELECTOR = YES;
				GCC_WARN_UNINITIALIZED_AUTOS = YES_AGGRESSIVE;
				GCC_WARN_UNUSED_FUNCTION = YES;
				GCC_WARN_UNUSED_VARIABLE = YES;
				IPHONEOS_DEPLOYMENT_TARGET = 17.0;
				LOCALIZATION_PREFERS_STRING_CATALOGS = YES;
				MTL_ENABLE_DEBUG_INFO = INCLUDE_SOURCE;
				MTL_FAST_MATH = YES;
				ONLY_ACTIVE_ARCH = YES;
				SDKROOT = iphoneos;
				SWIFT_ACTIVE_COMPILATION_CONDITIONS = "DEBUG $(inherited)";
				SWIFT_OPTIMIZATION_LEVEL = "-Onone";
			};
			name = Debug;
		};
		0205AB072AF9A55B003851EE /* Release */ = {
			isa = XCBuildConfiguration;
			buildSettings = {
				ALWAYS_SEARCH_USER_PATHS = NO;
				ASSETCATALOG_COMPILER_GENERATE_SWIFT_ASSET_SYMBOL_EXTENSIONS = YES;
				CLANG_ANALYZER_NONNULL = YES;
				CLANG_ANALYZER_NUMBER_OBJECT_CONVERSION = YES_AGGRESSIVE;
				CLANG_CXX_LANGUAGE_STANDARD = "gnu++20";
				CLANG_ENABLE_MODULES = YES;
				CLANG_ENABLE_OBJC_ARC = YES;
				CLANG_ENABLE_OBJC_WEAK = YES;
				CLANG_WARN_BLOCK_CAPTURE_AUTORELEASING = YES;
				CLANG_WARN_BOOL_CONVERSION = YES;
				CLANG_WARN_COMMA = YES;
				CLANG_WARN_CONSTANT_CONVERSION = YES;
				CLANG_WARN_DEPRECATED_OBJC_IMPLEMENTATIONS = YES;
				CLANG_WARN_DIRECT_OBJC_ISA_USAGE = YES_ERROR;
				CLANG_WARN_DOCUMENTATION_COMMENTS = YES;
				CLANG_WARN_EMPTY_BODY = YES;
				CLANG_WARN_ENUM_CONVERSION = YES;
				CLANG_WARN_INFINITE_RECURSION = YES;
				CLANG_WARN_INT_CONVERSION = YES;
				CLANG_WARN_NON_LITERAL_NULL_CONVERSION = YES;
				CLANG_WARN_OBJC_IMPLICIT_RETAIN_SELF = YES;
				CLANG_WARN_OBJC_LITERAL_CONVERSION = YES;
				CLANG_WARN_OBJC_ROOT_CLASS = YES_ERROR;
				CLANG_WARN_QUOTED_INCLUDE_IN_FRAMEWORK_HEADER = YES;
				CLANG_WARN_RANGE_LOOP_ANALYSIS = YES;
				CLANG_WARN_STRICT_PROTOTYPES = YES;
				CLANG_WARN_SUSPICIOUS_MOVE = YES;
				CLANG_WARN_UNGUARDED_AVAILABILITY = YES_AGGRESSIVE;
				CLANG_WARN_UNREACHABLE_CODE = YES;
				CLANG_WARN__DUPLICATE_METHOD_MATCH = YES;
				COPY_PHASE_STRIP = NO;
				DEBUG_INFORMATION_FORMAT = "dwarf-with-dsym";
				ENABLE_NS_ASSERTIONS = NO;
				ENABLE_STRICT_OBJC_MSGSEND = YES;
				ENABLE_USER_SCRIPT_SANDBOXING = YES;
				GCC_C_LANGUAGE_STANDARD = gnu17;
				GCC_NO_COMMON_BLOCKS = YES;
				GCC_WARN_64_TO_32_BIT_CONVERSION = YES;
				GCC_WARN_ABOUT_RETURN_TYPE = YES_ERROR;
				GCC_WARN_UNDECLARED_SELECTOR = YES;
				GCC_WARN_UNINITIALIZED_AUTOS = YES_AGGRESSIVE;
				GCC_WARN_UNUSED_FUNCTION = YES;
				GCC_WARN_UNUSED_VARIABLE = YES;
				IPHONEOS_DEPLOYMENT_TARGET = 17.0;
				LOCALIZATION_PREFERS_STRING_CATALOGS = YES;
				MTL_ENABLE_DEBUG_INFO = NO;
				MTL_FAST_MATH = YES;
				SDKROOT = iphoneos;
				SWIFT_COMPILATION_MODE = wholemodule;
				VALIDATE_PRODUCT = YES;
			};
			name = Release;
		};
		0205AB092AF9A55B003851EE /* Debug */ = {
			isa = XCBuildConfiguration;
			buildSettings = {
				ASSETCATALOG_COMPILER_APPICON_NAME = AppIcon;
				ASSETCATALOG_COMPILER_GLOBAL_ACCENT_COLOR_NAME = AccentColor;
				CODE_SIGN_STYLE = Automatic;
				CURRENT_PROJECT_VERSION = 1;
				DEVELOPMENT_ASSET_PATHS = "\"Cake/Preview Content\"";
				DEVELOPMENT_TEAM = MW75NQ7TG5;
				ENABLE_PREVIEWS = YES;
				GENERATE_INFOPLIST_FILE = YES;
				INFOPLIST_KEY_UIApplicationSceneManifest_Generation = YES;
				INFOPLIST_KEY_UIApplicationSupportsIndirectInputEvents = YES;
				INFOPLIST_KEY_UILaunchScreen_Generation = YES;
				INFOPLIST_KEY_UISupportedInterfaceOrientations_iPad = "UIInterfaceOrientationPortrait UIInterfaceOrientationPortraitUpsideDown UIInterfaceOrientationLandscapeLeft UIInterfaceOrientationLandscapeRight";
				INFOPLIST_KEY_UISupportedInterfaceOrientations_iPhone = "UIInterfaceOrientationPortrait UIInterfaceOrientationLandscapeLeft UIInterfaceOrientationLandscapeRight";
				LD_RUNPATH_SEARCH_PATHS = (
					"$(inherited)",
					"@executable_path/Frameworks",
				);
				MARKETING_VERSION = 1.0;
				PRODUCT_BUNDLE_IDENTIFIER = com.AaronWilson.Cake;
				PRODUCT_NAME = "$(TARGET_NAME)";
				SWIFT_EMIT_LOC_STRINGS = YES;
				SWIFT_VERSION = 5.0;
				TARGETED_DEVICE_FAMILY = "1,2";
			};
			name = Debug;
		};
		0205AB0A2AF9A55B003851EE /* Release */ = {
			isa = XCBuildConfiguration;
			buildSettings = {
				ASSETCATALOG_COMPILER_APPICON_NAME = AppIcon;
				ASSETCATALOG_COMPILER_GLOBAL_ACCENT_COLOR_NAME = AccentColor;
				CODE_SIGN_STYLE = Automatic;
				CURRENT_PROJECT_VERSION = 1;
				DEVELOPMENT_ASSET_PATHS = "\"Cake/Preview Content\"";
				DEVELOPMENT_TEAM = MW75NQ7TG5;
				ENABLE_PREVIEWS = YES;
				GENERATE_INFOPLIST_FILE = YES;
				INFOPLIST_KEY_UIApplicationSceneManifest_Generation = YES;
				INFOPLIST_KEY_UIApplicationSupportsIndirectInputEvents = YES;
				INFOPLIST_KEY_UILaunchScreen_Generation = YES;
				INFOPLIST_KEY_UISupportedInterfaceOrientations_iPad = "UIInterfaceOrientationPortrait UIInterfaceOrientationPortraitUpsideDown UIInterfaceOrientationLandscapeLeft UIInterfaceOrientationLandscapeRight";
				INFOPLIST_KEY_UISupportedInterfaceOrientations_iPhone = "UIInterfaceOrientationPortrait UIInterfaceOrientationLandscapeLeft UIInterfaceOrientationLandscapeRight";
				LD_RUNPATH_SEARCH_PATHS = (
					"$(inherited)",
					"@executable_path/Frameworks",
				);
				MARKETING_VERSION = 1.0;
				PRODUCT_BUNDLE_IDENTIFIER = com.AaronWilson.Cake;
				PRODUCT_NAME = "$(TARGET_NAME)";
				SWIFT_EMIT_LOC_STRINGS = YES;
				SWIFT_VERSION = 5.0;
				TARGETED_DEVICE_FAMILY = "1,2";
			};
			name = Release;
		};
/* End XCBuildConfiguration section */

/* Begin XCConfigurationList section */
		0205AAF52AF9A55A003851EE /* Build configuration list for PBXProject "Cake" */ = {
			isa = XCConfigurationList;
			buildConfigurations = (
				0205AB062AF9A55B003851EE /* Debug */,
				0205AB072AF9A55B003851EE /* Release */,
			);
			defaultConfigurationIsVisible = 0;
			defaultConfigurationName = Release;
		};
		0205AB082AF9A55B003851EE /* Build configuration list for PBXNativeTarget "Cake" */ = {
			isa = XCConfigurationList;
			buildConfigurations = (
				0205AB092AF9A55B003851EE /* Debug */,
				0205AB0A2AF9A55B003851EE /* Release */,
			);
			defaultConfigurationIsVisible = 0;
			defaultConfigurationName = Release;
		};
/* End XCConfigurationList section */
	};
	rootObject = 0205AAF22AF9A55A003851EE /* Project object */;
}
