// !$*UTF8*$!
{
	archiveVersion = 1;
	classes = {
	};
	objectVersion = 56;
	objects = {

/* Begin PBXBuildFile section */
		0205AAFE2AF9A55A003851EE /* CakeApp.swift in Sources */ = {isa = PBXBuildFile; fileRef = 0205AAFD2AF9A55A003851EE /* CakeApp.swift */; };
		0205AB002AF9A55A003851EE /* AllDessertsView.swift in Sources */ = {isa = PBXBuildFile; fileRef = 0205AAFF2AF9A55A003851EE /* AllDessertsView.swift */; };
		0205AB022AF9A55B003851EE /* Assets.xcassets in Resources */ = {isa = PBXBuildFile; fileRef = 0205AB012AF9A55B003851EE /* Assets.xcassets */; };
		0205AB052AF9A55B003851EE /* Preview Assets.xcassets in Resources */ = {isa = PBXBuildFile; fileRef = 0205AB042AF9A55B003851EE /* Preview Assets.xcassets */; };
		0205AB0F2AF9A63D003851EE /* DessertsDataService.swift in Sources */ = {isa = PBXBuildFile; fileRef = 0205AB0E2AF9A63D003851EE /* DessertsDataService.swift */; };
		0205AB122AF9A677003851EE /* AllDessertsResponse.swift in Sources */ = {isa = PBXBuildFile; fileRef = 0205AB112AF9A677003851EE /* AllDessertsResponse.swift */; };
		0205AB142AF9C2E0003851EE /* AllDessertsViewModel.swift in Sources */ = {isa = PBXBuildFile; fileRef = 0205AB132AF9C2E0003851EE /* AllDessertsViewModel.swift */; };
		0205AB162AF9CB47003851EE /* DessertRowView.swift in Sources */ = {isa = PBXBuildFile; fileRef = 0205AB152AF9CB47003851EE /* DessertRowView.swift */; };
		0205AB182AFAE5F8003851EE /* DessertDetailsModel.swift in Sources */ = {isa = PBXBuildFile; fileRef = 0205AB172AFAE5F8003851EE /* DessertDetailsModel.swift */; };
		0205AB1A2AFAEA8E003851EE /* DessertDetailsView.swift in Sources */ = {isa = PBXBuildFile; fileRef = 0205AB192AFAEA8E003851EE /* DessertDetailsView.swift */; };
		0205AB1C2AFAEAE9003851EE /* DessertDetailsViewModel.swift in Sources */ = {isa = PBXBuildFile; fileRef = 0205AB1B2AFAEAE9003851EE /* DessertDetailsViewModel.swift */; };
		0205AB1F2AFAFCE0003851EE /* QuickAsyncImage.swift in Sources */ = {isa = PBXBuildFile; fileRef = 0205AB1E2AFAFCE0003851EE /* QuickAsyncImage.swift */; };
		0205AB212AFB15E5003851EE /* IngredientListView.swift in Sources */ = {isa = PBXBuildFile; fileRef = 0205AB202AFB15E5003851EE /* IngredientListView.swift */; };
		0205AB3C2AFEA840003851EE /* Launch Screen.storyboard in Resources */ = {isa = PBXBuildFile; fileRef = 0205AB3B2AFEA840003851EE /* Launch Screen.storyboard */; };
		026E53972B266550000C5E0F /* DessertDetailsViewModel_Tests.swift in Sources */ = {isa = PBXBuildFile; fileRef = 026E53962B266550000C5E0F /* DessertDetailsViewModel_Tests.swift */; };
		029037912B04200900501F07 /* CakeTests.swift in Sources */ = {isa = PBXBuildFile; fileRef = 029037902B04200900501F07 /* CakeTests.swift */; };
		0290379A2B06B43F00501F07 /* MockDessertsDataService.swift in Sources */ = {isa = PBXBuildFile; fileRef = 029037992B06B43F00501F07 /* MockDessertsDataService.swift */; };
		0290379C2B06B85E00501F07 /* AllDessertsResponse.json in Resources */ = {isa = PBXBuildFile; fileRef = 0290379B2B06B85E00501F07 /* AllDessertsResponse.json */; };
		0290379E2B06BAA900501F07 /* Mockable.swift in Sources */ = {isa = PBXBuildFile; fileRef = 0290379D2B06BAA900501F07 /* Mockable.swift */; };
		02D8FF5C2B12B18300E8DDE0 /* DessertDetailsResponse.json in Resources */ = {isa = PBXBuildFile; fileRef = 02D8FF5B2B12B18300E8DDE0 /* DessertDetailsResponse.json */; };
/* End PBXBuildFile section */

/* Begin PBXContainerItemProxy section */
		029037922B04200900501F07 /* PBXContainerItemProxy */ = {
			isa = PBXContainerItemProxy;
			containerPortal = 0205AAF22AF9A55A003851EE /* Project object */;
			proxyType = 1;
			remoteGlobalIDString = 0205AAF92AF9A55A003851EE;
			remoteInfo = Cake;
		};
/* End PBXContainerItemProxy section */

/* Begin PBXFileReference section */
		0205AAFA2AF9A55A003851EE /* Cake.app */ = {isa = PBXFileReference; explicitFileType = wrapper.application; includeInIndex = 0; path = Cake.app; sourceTree = BUILT_PRODUCTS_DIR; };
		0205AAFD2AF9A55A003851EE /* CakeApp.swift */ = {isa = PBXFileReference; lastKnownFileType = sourcecode.swift; path = CakeApp.swift; sourceTree = "<group>"; };
		0205AAFF2AF9A55A003851EE /* AllDessertsView.swift */ = {isa = PBXFileReference; lastKnownFileType = sourcecode.swift; path = AllDessertsView.swift; sourceTree = "<group>"; };
		0205AB012AF9A55B003851EE /* Assets.xcassets */ = {isa = PBXFileReference; lastKnownFileType = folder.assetcatalog; path = Assets.xcassets; sourceTree = "<group>"; };
		0205AB042AF9A55B003851EE /* Preview Assets.xcassets */ = {isa = PBXFileReference; lastKnownFileType = folder.assetcatalog; path = "Preview Assets.xcassets"; sourceTree = "<group>"; };
		0205AB0E2AF9A63D003851EE /* DessertsDataService.swift */ = {isa = PBXFileReference; lastKnownFileType = sourcecode.swift; path = DessertsDataService.swift; sourceTree = "<group>"; };
		0205AB112AF9A677003851EE /* AllDessertsResponse.swift */ = {isa = PBXFileReference; lastKnownFileType = sourcecode.swift; path = AllDessertsResponse.swift; sourceTree = "<group>"; };
		0205AB132AF9C2E0003851EE /* AllDessertsViewModel.swift */ = {isa = PBXFileReference; lastKnownFileType = sourcecode.swift; path = AllDessertsViewModel.swift; sourceTree = "<group>"; };
		0205AB152AF9CB47003851EE /* DessertRowView.swift */ = {isa = PBXFileReference; lastKnownFileType = sourcecode.swift; path = DessertRowView.swift; sourceTree = "<group>"; };
		0205AB172AFAE5F8003851EE /* DessertDetailsModel.swift */ = {isa = PBXFileReference; lastKnownFileType = sourcecode.swift; path = DessertDetailsModel.swift; sourceTree = "<group>"; };
		0205AB192AFAEA8E003851EE /* DessertDetailsView.swift */ = {isa = PBXFileReference; lastKnownFileType = sourcecode.swift; path = DessertDetailsView.swift; sourceTree = "<group>"; };
		0205AB1B2AFAEAE9003851EE /* DessertDetailsViewModel.swift */ = {isa = PBXFileReference; lastKnownFileType = sourcecode.swift; path = DessertDetailsViewModel.swift; sourceTree = "<group>"; };
		0205AB1E2AFAFCE0003851EE /* QuickAsyncImage.swift */ = {isa = PBXFileReference; lastKnownFileType = sourcecode.swift; path = QuickAsyncImage.swift; sourceTree = "<group>"; };
		0205AB202AFB15E5003851EE /* IngredientListView.swift */ = {isa = PBXFileReference; lastKnownFileType = sourcecode.swift; path = IngredientListView.swift; sourceTree = "<group>"; };
		0205AB3B2AFEA840003851EE /* Launch Screen.storyboard */ = {isa = PBXFileReference; lastKnownFileType = file.storyboard; path = "Launch Screen.storyboard"; sourceTree = "<group>"; };
		026E53952B264BFE000C5E0F /* Cake.xctestplan */ = {isa = PBXFileReference; lastKnownFileType = text; path = Cake.xctestplan; sourceTree = "<group>"; };
		026E53962B266550000C5E0F /* DessertDetailsViewModel_Tests.swift */ = {isa = PBXFileReference; lastKnownFileType = sourcecode.swift; path = DessertDetailsViewModel_Tests.swift; sourceTree = "<group>"; };
		0290378E2B04200900501F07 /* CakeTests.xctest */ = {isa = PBXFileReference; explicitFileType = wrapper.cfbundle; includeInIndex = 0; path = CakeTests.xctest; sourceTree = BUILT_PRODUCTS_DIR; };
		029037902B04200900501F07 /* CakeTests.swift */ = {isa = PBXFileReference; lastKnownFileType = sourcecode.swift; path = CakeTests.swift; sourceTree = "<group>"; };
		029037992B06B43F00501F07 /* MockDessertsDataService.swift */ = {isa = PBXFileReference; lastKnownFileType = sourcecode.swift; path = MockDessertsDataService.swift; sourceTree = "<group>"; };
		0290379B2B06B85E00501F07 /* AllDessertsResponse.json */ = {isa = PBXFileReference; lastKnownFileType = text.json; path = AllDessertsResponse.json; sourceTree = "<group>"; };
		0290379D2B06BAA900501F07 /* Mockable.swift */ = {isa = PBXFileReference; lastKnownFileType = sourcecode.swift; path = Mockable.swift; sourceTree = "<group>"; };
		02D8FF5B2B12B18300E8DDE0 /* DessertDetailsResponse.json */ = {isa = PBXFileReference; lastKnownFileType = text.json; path = DessertDetailsResponse.json; sourceTree = "<group>"; };
/* End PBXFileReference section */

/* Begin PBXFrameworksBuildPhase section */
		0205AAF72AF9A55A003851EE /* Frameworks */ = {
			isa = PBXFrameworksBuildPhase;
			buildActionMask = 2147483647;
			files = (
			);
			runOnlyForDeploymentPostprocessing = 0;
		};
		0290378B2B04200900501F07 /* Frameworks */ = {
			isa = PBXFrameworksBuildPhase;
			buildActionMask = 2147483647;
			files = (
			);
			runOnlyForDeploymentPostprocessing = 0;
		};
/* End PBXFrameworksBuildPhase section */

/* Begin PBXGroup section */
		0205AAF12AF9A55A003851EE = {
			isa = PBXGroup;
			children = (
				026E53952B264BFE000C5E0F /* Cake.xctestplan */,
				0205AAFC2AF9A55A003851EE /* Cake */,
				0290378F2B04200900501F07 /* CakeTests */,
				0205AAFB2AF9A55A003851EE /* Products */,
			);
			sourceTree = "<group>";
		};
		0205AAFB2AF9A55A003851EE /* Products */ = {
			isa = PBXGroup;
			children = (
				0205AAFA2AF9A55A003851EE /* Cake.app */,
				0290378E2B04200900501F07 /* CakeTests.xctest */,
			);
			name = Products;
			sourceTree = "<group>";
		};
		0205AAFC2AF9A55A003851EE /* Cake */ = {
			isa = PBXGroup;
			children = (
				0205AB2F2AFE9971003851EE /* Core */,
				0205AB1D2AFAFC9E003851EE /* Components */,
				0205AB102AF9A64A003851EE /* Models */,
				0205AB0D2AF9A618003851EE /* Services */,
				0205AAFD2AF9A55A003851EE /* CakeApp.swift */,
				0205AB012AF9A55B003851EE /* Assets.xcassets */,
				0205AB032AF9A55B003851EE /* Preview Content */,
			);
			path = Cake;
			sourceTree = "<group>";
		};
		0205AB032AF9A55B003851EE /* Preview Content */ = {
			isa = PBXGroup;
			children = (
				0205AB042AF9A55B003851EE /* Preview Assets.xcassets */,
			);
			path = "Preview Content";
			sourceTree = "<group>";
		};
		0205AB0B2AF9A5D4003851EE /* AllDesserts */ = {
			isa = PBXGroup;
			children = (
				0205AB312AFE99A1003851EE /* ViewModels */,
				0205AB302AFE9993003851EE /* Views */,
			);
			path = AllDesserts;
			sourceTree = "<group>";
		};
		0205AB0C2AF9A5F2003851EE /* DessertDetail */ = {
			isa = PBXGroup;
			children = (
				0205AB322AFE99B6003851EE /* Views */,
				0205AB332AFE99C1003851EE /* ViewModels */,
			);
			path = DessertDetail;
			sourceTree = "<group>";
		};
		0205AB0D2AF9A618003851EE /* Services */ = {
			isa = PBXGroup;
			children = (
				0205AB0E2AF9A63D003851EE /* DessertsDataService.swift */,
			);
			path = Services;
			sourceTree = "<group>";
		};
		0205AB102AF9A64A003851EE /* Models */ = {
			isa = PBXGroup;
			children = (
				0205AB112AF9A677003851EE /* AllDessertsResponse.swift */,
				0205AB172AFAE5F8003851EE /* DessertDetailsModel.swift */,
			);
			path = Models;
			sourceTree = "<group>";
		};
		0205AB1D2AFAFC9E003851EE /* Components */ = {
			isa = PBXGroup;
			children = (
				0205AB1E2AFAFCE0003851EE /* QuickAsyncImage.swift */,
				0205AB202AFB15E5003851EE /* IngredientListView.swift */,
			);
			path = Components;
			sourceTree = "<group>";
		};
		0205AB2F2AFE9971003851EE /* Core */ = {
			isa = PBXGroup;
			children = (
				0205AB382AFEA76E003851EE /* LaunchScreen */,
				0205AB0B2AF9A5D4003851EE /* AllDesserts */,
				0205AB0C2AF9A5F2003851EE /* DessertDetail */,
			);
			path = Core;
			sourceTree = "<group>";
		};
		0205AB302AFE9993003851EE /* Views */ = {
			isa = PBXGroup;
			children = (
				0205AB152AF9CB47003851EE /* DessertRowView.swift */,
				0205AAFF2AF9A55A003851EE /* AllDessertsView.swift */,
			);
			path = Views;
			sourceTree = "<group>";
		};
		0205AB312AFE99A1003851EE /* ViewModels */ = {
			isa = PBXGroup;
			children = (
				0205AB132AF9C2E0003851EE /* AllDessertsViewModel.swift */,
			);
			path = ViewModels;
			sourceTree = "<group>";
		};
		0205AB322AFE99B6003851EE /* Views */ = {
			isa = PBXGroup;
			children = (
				0205AB192AFAEA8E003851EE /* DessertDetailsView.swift */,
			);
			path = Views;
			sourceTree = "<group>";
		};
		0205AB332AFE99C1003851EE /* ViewModels */ = {
			isa = PBXGroup;
			children = (
				0205AB1B2AFAEAE9003851EE /* DessertDetailsViewModel.swift */,
			);
			path = ViewModels;
			sourceTree = "<group>";
		};
		0205AB382AFEA76E003851EE /* LaunchScreen */ = {
			isa = PBXGroup;
			children = (
				0205AB3B2AFEA840003851EE /* Launch Screen.storyboard */,
			);
			path = LaunchScreen;
			sourceTree = "<group>";
		};
		0290378F2B04200900501F07 /* CakeTests */ = {
			isa = PBXGroup;
			children = (
				02D8FF5D2B12B19000E8DDE0 /* MockJSONData */,
				029037902B04200900501F07 /* CakeTests.swift */,
				029037992B06B43F00501F07 /* MockDessertsDataService.swift */,
				0290379D2B06BAA900501F07 /* Mockable.swift */,
				026E53962B266550000C5E0F /* DessertDetailsViewModel_Tests.swift */,
			);
			path = CakeTests;
			sourceTree = "<group>";
		};
		02D8FF5D2B12B19000E8DDE0 /* MockJSONData */ = {
			isa = PBXGroup;
			children = (
				0290379B2B06B85E00501F07 /* AllDessertsResponse.json */,
				02D8FF5B2B12B18300E8DDE0 /* DessertDetailsResponse.json */,
			);
			path = MockJSONData;
			sourceTree = "<group>";
		};
/* End PBXGroup section */

/* Begin PBXNativeTarget section */
		0205AAF92AF9A55A003851EE /* Cake */ = {
			isa = PBXNativeTarget;
			buildConfigurationList = 0205AB082AF9A55B003851EE /* Build configuration list for PBXNativeTarget "Cake" */;
			buildPhases = (
				0205AAF62AF9A55A003851EE /* Sources */,
				0205AAF72AF9A55A003851EE /* Frameworks */,
				0205AAF82AF9A55A003851EE /* Resources */,
			);
			buildRules = (
			);
			dependencies = (
			);
			name = Cake;
			productName = Cake;
			productReference = 0205AAFA2AF9A55A003851EE /* Cake.app */;
			productType = "com.apple.product-type.application";
		};
		0290378D2B04200900501F07 /* CakeTests */ = {
			isa = PBXNativeTarget;
			buildConfigurationList = 029037962B04200900501F07 /* Build configuration list for PBXNativeTarget "CakeTests" */;
			buildPhases = (
				0290378A2B04200900501F07 /* Sources */,
				0290378B2B04200900501F07 /* Frameworks */,
				0290378C2B04200900501F07 /* Resources */,
			);
			buildRules = (
			);
			dependencies = (
				029037932B04200900501F07 /* PBXTargetDependency */,
			);
			name = CakeTests;
			productName = CakeTests;
			productReference = 0290378E2B04200900501F07 /* CakeTests.xctest */;
			productType = "com.apple.product-type.bundle.unit-test";
		};
/* End PBXNativeTarget section */

/* Begin PBXProject section */
		0205AAF22AF9A55A003851EE /* Project object */ = {
			isa = PBXProject;
			attributes = {
				BuildIndependentTargetsInParallel = 1;
				LastSwiftUpdateCheck = 1500;
				LastUpgradeCheck = 1500;
				TargetAttributes = {
					0205AAF92AF9A55A003851EE = {
						CreatedOnToolsVersion = 15.0.1;
					};
					0290378D2B04200900501F07 = {
						CreatedOnToolsVersion = 15.0.1;
						TestTargetID = 0205AAF92AF9A55A003851EE;
					};
				};
			};
			buildConfigurationList = 0205AAF52AF9A55A003851EE /* Build configuration list for PBXProject "Cake" */;
			compatibilityVersion = "Xcode 14.0";
			developmentRegion = en;
			hasScannedForEncodings = 0;
			knownRegions = (
				en,
				Base,
			);
			mainGroup = 0205AAF12AF9A55A003851EE;
			productRefGroup = 0205AAFB2AF9A55A003851EE /* Products */;
			projectDirPath = "";
			projectRoot = "";
			targets = (
				0205AAF92AF9A55A003851EE /* Cake */,
				0290378D2B04200900501F07 /* CakeTests */,
			);
		};
/* End PBXProject section */

/* Begin PBXResourcesBuildPhase section */
		0205AAF82AF9A55A003851EE /* Resources */ = {
			isa = PBXResourcesBuildPhase;
			buildActionMask = 2147483647;
			files = (
				0205AB3C2AFEA840003851EE /* Launch Screen.storyboard in Resources */,
				0205AB052AF9A55B003851EE /* Preview Assets.xcassets in Resources */,
				0205AB022AF9A55B003851EE /* Assets.xcassets in Resources */,
			);
			runOnlyForDeploymentPostprocessing = 0;
		};
		0290378C2B04200900501F07 /* Resources */ = {
			isa = PBXResourcesBuildPhase;
			buildActionMask = 2147483647;
			files = (
				02D8FF5C2B12B18300E8DDE0 /* DessertDetailsResponse.json in Resources */,
				0290379C2B06B85E00501F07 /* AllDessertsResponse.json in Resources */,
			);
			runOnlyForDeploymentPostprocessing = 0;
		};
/* End PBXResourcesBuildPhase section */

/* Begin PBXSourcesBuildPhase section */
		0205AAF62AF9A55A003851EE /* Sources */ = {
			isa = PBXSourcesBuildPhase;
			buildActionMask = 2147483647;
			files = (
				0205AB212AFB15E5003851EE /* IngredientListView.swift in Sources */,
				0205AB0F2AF9A63D003851EE /* DessertsDataService.swift in Sources */,
				0205AB122AF9A677003851EE /* AllDessertsResponse.swift in Sources */,
				0205AB1C2AFAEAE9003851EE /* DessertDetailsViewModel.swift in Sources */,
				0205AB182AFAE5F8003851EE /* DessertDetailsModel.swift in Sources */,
				0205AB162AF9CB47003851EE /* DessertRowView.swift in Sources */,
				0205AB1F2AFAFCE0003851EE /* QuickAsyncImage.swift in Sources */,
				0205AB002AF9A55A003851EE /* AllDessertsView.swift in Sources */,
				0205AAFE2AF9A55A003851EE /* CakeApp.swift in Sources */,
				0205AB1A2AFAEA8E003851EE /* DessertDetailsView.swift in Sources */,
				0205AB142AF9C2E0003851EE /* AllDessertsViewModel.swift in Sources */,
			);
			runOnlyForDeploymentPostprocessing = 0;
		};
		0290378A2B04200900501F07 /* Sources */ = {
			isa = PBXSourcesBuildPhase;
			buildActionMask = 2147483647;
			files = (
				026E53972B266550000C5E0F /* DessertDetailsViewModel_Tests.swift in Sources */,
				0290379A2B06B43F00501F07 /* MockDessertsDataService.swift in Sources */,
				0290379E2B06BAA900501F07 /* Mockable.swift in Sources */,
				029037912B04200900501F07 /* CakeTests.swift in Sources */,
			);
			runOnlyForDeploymentPostprocessing = 0;
		};
/* End PBXSourcesBuildPhase section */

/* Begin PBXTargetDependency section */
		029037932B04200900501F07 /* PBXTargetDependency */ = {
			isa = PBXTargetDependency;
			target = 0205AAF92AF9A55A003851EE /* Cake */;
			targetProxy = 029037922B04200900501F07 /* PBXContainerItemProxy */;
		};
/* End PBXTargetDependency section */

/* Begin XCBuildConfiguration section */
		0205AB062AF9A55B003851EE /* Debug */ = {
			isa = XCBuildConfiguration;
			buildSettings = {
				ALWAYS_SEARCH_USER_PATHS = NO;
				ASSETCATALOG_COMPILER_GENERATE_SWIFT_ASSET_SYMBOL_EXTENSIONS = YES;
				CLANG_ANALYZER_NONNULL = YES;
				CLANG_ANALYZER_NUMBER_OBJECT_CONVERSION = YES_AGGRESSIVE;
				CLANG_CXX_LANGUAGE_STANDARD = "gnu++20";
				CLANG_ENABLE_MODULES = YES;
				CLANG_ENABLE_OBJC_ARC = YES;
				CLANG_ENABLE_OBJC_WEAK = YES;
				CLANG_WARN_BLOCK_CAPTURE_AUTORELEASING = YES;
				CLANG_WARN_BOOL_CONVERSION = YES;
				CLANG_WARN_COMMA = YES;
				CLANG_WARN_CONSTANT_CONVERSION = YES;
				CLANG_WARN_DEPRECATED_OBJC_IMPLEMENTATIONS = YES;
				CLANG_WARN_DIRECT_OBJC_ISA_USAGE = YES_ERROR;
				CLANG_WARN_DOCUMENTATION_COMMENTS = YES;
				CLANG_WARN_EMPTY_BODY = YES;
				CLANG_WARN_ENUM_CONVERSION = YES;
				CLANG_WARN_INFINITE_RECURSION = YES;
				CLANG_WARN_INT_CONVERSION = YES;
				CLANG_WARN_NON_LITERAL_NULL_CONVERSION = YES;
				CLANG_WARN_OBJC_IMPLICIT_RETAIN_SELF = YES;
				CLANG_WARN_OBJC_LITERAL_CONVERSION = YES;
				CLANG_WARN_OBJC_ROOT_CLASS = YES_ERROR;
				CLANG_WARN_QUOTED_INCLUDE_IN_FRAMEWORK_HEADER = YES;
				CLANG_WARN_RANGE_LOOP_ANALYSIS = YES;
				CLANG_WARN_STRICT_PROTOTYPES = YES;
				CLANG_WARN_SUSPICIOUS_MOVE = YES;
				CLANG_WARN_UNGUARDED_AVAILABILITY = YES_AGGRESSIVE;
				CLANG_WARN_UNREACHABLE_CODE = YES;
				CLANG_WARN__DUPLICATE_METHOD_MATCH = YES;
				COPY_PHASE_STRIP = NO;
				DEBUG_INFORMATION_FORMAT = dwarf;
				ENABLE_STRICT_OBJC_MSGSEND = YES;
				ENABLE_TESTABILITY = YES;
				ENABLE_USER_SCRIPT_SANDBOXING = YES;
				GCC_C_LANGUAGE_STANDARD = gnu17;
				GCC_DYNAMIC_NO_PIC = NO;
				GCC_NO_COMMON_BLOCKS = YES;
				GCC_OPTIMIZATION_LEVEL = 0;
				GCC_PREPROCESSOR_DEFINITIONS = (
					"DEBUG=1",
					"$(inherited)",
				);
				GCC_WARN_64_TO_32_BIT_CONVERSION = YES;
				GCC_WARN_ABOUT_RETURN_TYPE = YES_ERROR;
				GCC_WARN_UNDECLARED_SELECTOR = YES;
				GCC_WARN_UNINITIALIZED_AUTOS = YES_AGGRESSIVE;
				GCC_WARN_UNUSED_FUNCTION = YES;
				GCC_WARN_UNUSED_VARIABLE = YES;
				IPHONEOS_DEPLOYMENT_TARGET = 17.0;
				LOCALIZATION_PREFERS_STRING_CATALOGS = YES;
				MTL_ENABLE_DEBUG_INFO = INCLUDE_SOURCE;
				MTL_FAST_MATH = YES;
				ONLY_ACTIVE_ARCH = YES;
				SDKROOT = iphoneos;
				SWIFT_ACTIVE_COMPILATION_CONDITIONS = "DEBUG $(inherited)";
				SWIFT_OPTIMIZATION_LEVEL = "-Onone";
			};
			name = Debug;
		};
		0205AB072AF9A55B003851EE /* Release */ = {
			isa = XCBuildConfiguration;
			buildSettings = {
				ALWAYS_SEARCH_USER_PATHS = NO;
				ASSETCATALOG_COMPILER_GENERATE_SWIFT_ASSET_SYMBOL_EXTENSIONS = YES;
				CLANG_ANALYZER_NONNULL = YES;
				CLANG_ANALYZER_NUMBER_OBJECT_CONVERSION = YES_AGGRESSIVE;
				CLANG_CXX_LANGUAGE_STANDARD = "gnu++20";
				CLANG_ENABLE_MODULES = YES;
				CLANG_ENABLE_OBJC_ARC = YES;
				CLANG_ENABLE_OBJC_WEAK = YES;
				CLANG_WARN_BLOCK_CAPTURE_AUTORELEASING = YES;
				CLANG_WARN_BOOL_CONVERSION = YES;
				CLANG_WARN_COMMA = YES;
				CLANG_WARN_CONSTANT_CONVERSION = YES;
				CLANG_WARN_DEPRECATED_OBJC_IMPLEMENTATIONS = YES;
				CLANG_WARN_DIRECT_OBJC_ISA_USAGE = YES_ERROR;
				CLANG_WARN_DOCUMENTATION_COMMENTS = YES;
				CLANG_WARN_EMPTY_BODY = YES;
				CLANG_WARN_ENUM_CONVERSION = YES;
				CLANG_WARN_INFINITE_RECURSION = YES;
				CLANG_WARN_INT_CONVERSION = YES;
				CLANG_WARN_NON_LITERAL_NULL_CONVERSION = YES;
				CLANG_WARN_OBJC_IMPLICIT_RETAIN_SELF = YES;
				CLANG_WARN_OBJC_LITERAL_CONVERSION = YES;
				CLANG_WARN_OBJC_ROOT_CLASS = YES_ERROR;
				CLANG_WARN_QUOTED_INCLUDE_IN_FRAMEWORK_HEADER = YES;
				CLANG_WARN_RANGE_LOOP_ANALYSIS = YES;
				CLANG_WARN_STRICT_PROTOTYPES = YES;
				CLANG_WARN_SUSPICIOUS_MOVE = YES;
				CLANG_WARN_UNGUARDED_AVAILABILITY = YES_AGGRESSIVE;
				CLANG_WARN_UNREACHABLE_CODE = YES;
				CLANG_WARN__DUPLICATE_METHOD_MATCH = YES;
				COPY_PHASE_STRIP = NO;
				DEBUG_INFORMATION_FORMAT = "dwarf-with-dsym";
				ENABLE_NS_ASSERTIONS = NO;
				ENABLE_STRICT_OBJC_MSGSEND = YES;
				ENABLE_USER_SCRIPT_SANDBOXING = YES;
				GCC_C_LANGUAGE_STANDARD = gnu17;
				GCC_NO_COMMON_BLOCKS = YES;
				GCC_WARN_64_TO_32_BIT_CONVERSION = YES;
				GCC_WARN_ABOUT_RETURN_TYPE = YES_ERROR;
				GCC_WARN_UNDECLARED_SELECTOR = YES;
				GCC_WARN_UNINITIALIZED_AUTOS = YES_AGGRESSIVE;
				GCC_WARN_UNUSED_FUNCTION = YES;
				GCC_WARN_UNUSED_VARIABLE = YES;
				IPHONEOS_DEPLOYMENT_TARGET = 17.0;
				LOCALIZATION_PREFERS_STRING_CATALOGS = YES;
				MTL_ENABLE_DEBUG_INFO = NO;
				MTL_FAST_MATH = YES;
				SDKROOT = iphoneos;
				SWIFT_COMPILATION_MODE = wholemodule;
				VALIDATE_PRODUCT = YES;
			};
			name = Release;
		};
		0205AB092AF9A55B003851EE /* Debug */ = {
			isa = XCBuildConfiguration;
			buildSettings = {
				ASSETCATALOG_COMPILER_APPICON_NAME = AppIcon;
				ASSETCATALOG_COMPILER_GLOBAL_ACCENT_COLOR_NAME = AccentColor;
				CODE_SIGN_STYLE = Automatic;
				CURRENT_PROJECT_VERSION = 1;
				DEVELOPMENT_ASSET_PATHS = "\"Cake/Preview Content\"";
				DEVELOPMENT_TEAM = MW75NQ7TG5;
				ENABLE_PREVIEWS = YES;
				GENERATE_INFOPLIST_FILE = YES;
				INFOPLIST_KEY_UIApplicationSceneManifest_Generation = YES;
				INFOPLIST_KEY_UIApplicationSupportsIndirectInputEvents = YES;
				INFOPLIST_KEY_UILaunchScreen_Generation = YES;
				INFOPLIST_KEY_UILaunchStoryboardName = "Launch Screen.storyboard";
				INFOPLIST_KEY_UISupportedInterfaceOrientations = UIInterfaceOrientationPortrait;
				INFOPLIST_KEY_UISupportedInterfaceOrientations_iPad = "UIInterfaceOrientationLandscapeLeft UIInterfaceOrientationLandscapeRight UIInterfaceOrientationPortrait UIInterfaceOrientationPortraitUpsideDown";
				LD_RUNPATH_SEARCH_PATHS = (
					"$(inherited)",
					"@executable_path/Frameworks",
				);
				MARKETING_VERSION = 1.0;
				PRODUCT_BUNDLE_IDENTIFIER = com.AaronWilson.Cake;
				PRODUCT_NAME = "$(TARGET_NAME)";
				SUPPORTED_PLATFORMS = "iphoneos iphonesimulator";
				SUPPORTS_MACCATALYST = NO;
				SUPPORTS_MAC_DESIGNED_FOR_IPHONE_IPAD = NO;
				SWIFT_EMIT_LOC_STRINGS = YES;
				SWIFT_VERSION = 5.0;
				TARGETED_DEVICE_FAMILY = 1;
			};
			name = Debug;
		};
		0205AB0A2AF9A55B003851EE /* Release */ = {
			isa = XCBuildConfiguration;
			buildSettings = {
				ASSETCATALOG_COMPILER_APPICON_NAME = AppIcon;
				ASSETCATALOG_COMPILER_GLOBAL_ACCENT_COLOR_NAME = AccentColor;
				CODE_SIGN_STYLE = Automatic;
				CURRENT_PROJECT_VERSION = 1;
				DEVELOPMENT_ASSET_PATHS = "\"Cake/Preview Content\"";
				DEVELOPMENT_TEAM = MW75NQ7TG5;
				ENABLE_PREVIEWS = YES;
				GENERATE_INFOPLIST_FILE = YES;
				INFOPLIST_KEY_UIApplicationSceneManifest_Generation = YES;
				INFOPLIST_KEY_UIApplicationSupportsIndirectInputEvents = YES;
				INFOPLIST_KEY_UILaunchScreen_Generation = YES;
				INFOPLIST_KEY_UILaunchStoryboardName = "Launch Screen.storyboard";
				INFOPLIST_KEY_UISupportedInterfaceOrientations = UIInterfaceOrientationPortrait;
				INFOPLIST_KEY_UISupportedInterfaceOrientations_iPad = "UIInterfaceOrientationLandscapeLeft UIInterfaceOrientationLandscapeRight UIInterfaceOrientationPortrait UIInterfaceOrientationPortraitUpsideDown";
				LD_RUNPATH_SEARCH_PATHS = (
					"$(inherited)",
					"@executable_path/Frameworks",
				);
				MARKETING_VERSION = 1.0;
				PRODUCT_BUNDLE_IDENTIFIER = com.AaronWilson.Cake;
				PRODUCT_NAME = "$(TARGET_NAME)";
				SUPPORTED_PLATFORMS = "iphoneos iphonesimulator";
				SUPPORTS_MACCATALYST = NO;
				SUPPORTS_MAC_DESIGNED_FOR_IPHONE_IPAD = NO;
				SWIFT_EMIT_LOC_STRINGS = YES;
				SWIFT_VERSION = 5.0;
				TARGETED_DEVICE_FAMILY = 1;
			};
			name = Release;
		};
		029037942B04200900501F07 /* Debug */ = {
			isa = XCBuildConfiguration;
			buildSettings = {
				BUNDLE_LOADER = "$(TEST_HOST)";
				CODE_SIGN_STYLE = Automatic;
				CURRENT_PROJECT_VERSION = 1;
				DEVELOPMENT_TEAM = MW75NQ7TG5;
				GENERATE_INFOPLIST_FILE = YES;
				MARKETING_VERSION = 1.0;
				PRODUCT_BUNDLE_IDENTIFIER = com.AaronWilson.CakeTests;
				PRODUCT_NAME = "$(TARGET_NAME)";
				SWIFT_EMIT_LOC_STRINGS = NO;
				SWIFT_VERSION = 5.0;
				TARGETED_DEVICE_FAMILY = "1,2";
				TEST_HOST = "$(BUILT_PRODUCTS_DIR)/Cake.app/$(BUNDLE_EXECUTABLE_FOLDER_PATH)/Cake";
			};
			name = Debug;
		};
		029037952B04200900501F07 /* Release */ = {
			isa = XCBuildConfiguration;
			buildSettings = {
				BUNDLE_LOADER = "$(TEST_HOST)";
				CODE_SIGN_STYLE = Automatic;
				CURRENT_PROJECT_VERSION = 1;
				DEVELOPMENT_TEAM = MW75NQ7TG5;
				GENERATE_INFOPLIST_FILE = YES;
				MARKETING_VERSION = 1.0;
				PRODUCT_BUNDLE_IDENTIFIER = com.AaronWilson.CakeTests;
				PRODUCT_NAME = "$(TARGET_NAME)";
				SWIFT_EMIT_LOC_STRINGS = NO;
				SWIFT_VERSION = 5.0;
				TARGETED_DEVICE_FAMILY = "1,2";
				TEST_HOST = "$(BUILT_PRODUCTS_DIR)/Cake.app/$(BUNDLE_EXECUTABLE_FOLDER_PATH)/Cake";
			};
			name = Release;
		};
/* End XCBuildConfiguration section */

/* Begin XCConfigurationList section */
		0205AAF52AF9A55A003851EE /* Build configuration list for PBXProject "Cake" */ = {
			isa = XCConfigurationList;
			buildConfigurations = (
				0205AB062AF9A55B003851EE /* Debug */,
				0205AB072AF9A55B003851EE /* Release */,
			);
			defaultConfigurationIsVisible = 0;
			defaultConfigurationName = Release;
		};
		0205AB082AF9A55B003851EE /* Build configuration list for PBXNativeTarget "Cake" */ = {
			isa = XCConfigurationList;
			buildConfigurations = (
				0205AB092AF9A55B003851EE /* Debug */,
				0205AB0A2AF9A55B003851EE /* Release */,
			);
			defaultConfigurationIsVisible = 0;
			defaultConfigurationName = Release;
		};
		029037962B04200900501F07 /* Build configuration list for PBXNativeTarget "CakeTests" */ = {
			isa = XCConfigurationList;
			buildConfigurations = (
				029037942B04200900501F07 /* Debug */,
				029037952B04200900501F07 /* Release */,
			);
			defaultConfigurationIsVisible = 0;
			defaultConfigurationName = Release;
		};
/* End XCConfigurationList section */
	};
	rootObject = 0205AAF22AF9A55A003851EE /* Project object */;
}
